// !$*UTF8*$!
{
	archiveVersion = 1;
	classes = {
	};
	objectVersion = 50;
	objects = {

/* Begin PBXBuildFile section */
		D3D0F55125321C2000770F47 /* AppDelegate.swift in Sources */ = {isa = PBXBuildFile; fileRef = D3D0F55025321C2000770F47 /* AppDelegate.swift */; };
		D3D0F55325321C2000770F47 /* SceneDelegate.swift in Sources */ = {isa = PBXBuildFile; fileRef = D3D0F55225321C2000770F47 /* SceneDelegate.swift */; };
		D3D0F55525321C2000770F47 /* ViewController.swift in Sources */ = {isa = PBXBuildFile; fileRef = D3D0F55425321C2000770F47 /* ViewController.swift */; };
		D3D0F55825321C2000770F47 /* Main.storyboard in Resources */ = {isa = PBXBuildFile; fileRef = D3D0F55625321C2000770F47 /* Main.storyboard */; };
		D3D0F55A25321C2600770F47 /* Assets.xcassets in Resources */ = {isa = PBXBuildFile; fileRef = D3D0F55925321C2600770F47 /* Assets.xcassets */; };
		D3D0F55D25321C2600770F47 /* LaunchScreen.storyboard in Resources */ = {isa = PBXBuildFile; fileRef = D3D0F55B25321C2600770F47 /* LaunchScreen.storyboard */; };
		D3D0F56825321C2700770F47 /* TestTextViewTests.swift in Sources */ = {isa = PBXBuildFile; fileRef = D3D0F56725321C2700770F47 /* TestTextViewTests.swift */; };
		D3D0F57325321C2700770F47 /* TestTextViewUITests.swift in Sources */ = {isa = PBXBuildFile; fileRef = D3D0F57225321C2700770F47 /* TestTextViewUITests.swift */; };
		D3D0F5842532230C00770F47 /* PlaceHolderTextView.swift in Sources */ = {isa = PBXBuildFile; fileRef = D3D0F5832532230B00770F47 /* PlaceHolderTextView.swift */; };
/* End PBXBuildFile section */

/* Begin PBXContainerItemProxy section */
		D3D0F56425321C2700770F47 /* PBXContainerItemProxy */ = {
			isa = PBXContainerItemProxy;
			containerPortal = D3D0F54525321C1F00770F47 /* Project object */;
			proxyType = 1;
			remoteGlobalIDString = D3D0F54C25321C2000770F47;
			remoteInfo = TestTextView;
		};
		D3D0F56F25321C2700770F47 /* PBXContainerItemProxy */ = {
			isa = PBXContainerItemProxy;
			containerPortal = D3D0F54525321C1F00770F47 /* Project object */;
			proxyType = 1;
			remoteGlobalIDString = D3D0F54C25321C2000770F47;
			remoteInfo = TestTextView;
		};
/* End PBXContainerItemProxy section */

/* Begin PBXFileReference section */
		D3D0F54D25321C2000770F47 /* TestTextView.app */ = {isa = PBXFileReference; explicitFileType = wrapper.application; includeInIndex = 0; path = TestTextView.app; sourceTree = BUILT_PRODUCTS_DIR; };
		D3D0F55025321C2000770F47 /* AppDelegate.swift */ = {isa = PBXFileReference; lastKnownFileType = sourcecode.swift; path = AppDelegate.swift; sourceTree = "<group>"; };
		D3D0F55225321C2000770F47 /* SceneDelegate.swift */ = {isa = PBXFileReference; lastKnownFileType = sourcecode.swift; path = SceneDelegate.swift; sourceTree = "<group>"; };
		D3D0F55425321C2000770F47 /* ViewController.swift */ = {isa = PBXFileReference; lastKnownFileType = sourcecode.swift; path = ViewController.swift; sourceTree = "<group>"; };
		D3D0F55725321C2000770F47 /* Base */ = {isa = PBXFileReference; lastKnownFileType = file.storyboard; name = Base; path = Base.lproj/Main.storyboard; sourceTree = "<group>"; };
		D3D0F55925321C2600770F47 /* Assets.xcassets */ = {isa = PBXFileReference; lastKnownFileType = folder.assetcatalog; path = Assets.xcassets; sourceTree = "<group>"; };
		D3D0F55C25321C2600770F47 /* Base */ = {isa = PBXFileReference; lastKnownFileType = file.storyboard; name = Base; path = Base.lproj/LaunchScreen.storyboard; sourceTree = "<group>"; };
		D3D0F55E25321C2600770F47 /* Info.plist */ = {isa = PBXFileReference; lastKnownFileType = text.plist.xml; path = Info.plist; sourceTree = "<group>"; };
		D3D0F56325321C2700770F47 /* TestTextViewTests.xctest */ = {isa = PBXFileReference; explicitFileType = wrapper.cfbundle; includeInIndex = 0; path = TestTextViewTests.xctest; sourceTree = BUILT_PRODUCTS_DIR; };
		D3D0F56725321C2700770F47 /* TestTextViewTests.swift */ = {isa = PBXFileReference; lastKnownFileType = sourcecode.swift; path = TestTextViewTests.swift; sourceTree = "<group>"; };
		D3D0F56925321C2700770F47 /* Info.plist */ = {isa = PBXFileReference; lastKnownFileType = text.plist.xml; path = Info.plist; sourceTree = "<group>"; };
		D3D0F56E25321C2700770F47 /* TestTextViewUITests.xctest */ = {isa = PBXFileReference; explicitFileType = wrapper.cfbundle; includeInIndex = 0; path = TestTextViewUITests.xctest; sourceTree = BUILT_PRODUCTS_DIR; };
		D3D0F57225321C2700770F47 /* TestTextViewUITests.swift */ = {isa = PBXFileReference; lastKnownFileType = sourcecode.swift; path = TestTextViewUITests.swift; sourceTree = "<group>"; };
		D3D0F57425321C2700770F47 /* Info.plist */ = {isa = PBXFileReference; lastKnownFileType = text.plist.xml; path = Info.plist; sourceTree = "<group>"; };
		D3D0F5832532230B00770F47 /* PlaceHolderTextView.swift */ = {isa = PBXFileReference; lastKnownFileType = sourcecode.swift; path = PlaceHolderTextView.swift; sourceTree = "<group>"; };
/* End PBXFileReference section */

/* Begin PBXFrameworksBuildPhase section */
		D3D0F54A25321C2000770F47 /* Frameworks */ = {
			isa = PBXFrameworksBuildPhase;
			buildActionMask = 2147483647;
			files = (
			);
			runOnlyForDeploymentPostprocessing = 0;
		};
		D3D0F56025321C2700770F47 /* Frameworks */ = {
			isa = PBXFrameworksBuildPhase;
			buildActionMask = 2147483647;
			files = (
			);
			runOnlyForDeploymentPostprocessing = 0;
		};
		D3D0F56B25321C2700770F47 /* Frameworks */ = {
			isa = PBXFrameworksBuildPhase;
			buildActionMask = 2147483647;
			files = (
			);
			runOnlyForDeploymentPostprocessing = 0;
		};
/* End PBXFrameworksBuildPhase section */

/* Begin PBXGroup section */
		D3D0F54425321C1F00770F47 = {
			isa = PBXGroup;
			children = (
				D3D0F54F25321C2000770F47 /* TestTextView */,
				D3D0F56625321C2700770F47 /* TestTextViewTests */,
				D3D0F57125321C2700770F47 /* TestTextViewUITests */,
				D3D0F54E25321C2000770F47 /* Products */,
			);
			sourceTree = "<group>";
		};
		D3D0F54E25321C2000770F47 /* Products */ = {
			isa = PBXGroup;
			children = (
				D3D0F54D25321C2000770F47 /* TestTextView.app */,
				D3D0F56325321C2700770F47 /* TestTextViewTests.xctest */,
				D3D0F56E25321C2700770F47 /* TestTextViewUITests.xctest */,
			);
			name = Products;
			sourceTree = "<group>";
		};
		D3D0F54F25321C2000770F47 /* TestTextView */ = {
			isa = PBXGroup;
			children = (
				D3D0F5832532230B00770F47 /* PlaceHolderTextView.swift */,
				D3D0F55025321C2000770F47 /* AppDelegate.swift */,
				D3D0F55225321C2000770F47 /* SceneDelegate.swift */,
				D3D0F55425321C2000770F47 /* ViewController.swift */,
				D3D0F55625321C2000770F47 /* Main.storyboard */,
				D3D0F55925321C2600770F47 /* Assets.xcassets */,
				D3D0F55B25321C2600770F47 /* LaunchScreen.storyboard */,
				D3D0F55E25321C2600770F47 /* Info.plist */,
			);
			path = TestTextView;
			sourceTree = "<group>";
		};
		D3D0F56625321C2700770F47 /* TestTextViewTests */ = {
			isa = PBXGroup;
			children = (
				D3D0F56725321C2700770F47 /* TestTextViewTests.swift */,
				D3D0F56925321C2700770F47 /* Info.plist */,
			);
			path = TestTextViewTests;
			sourceTree = "<group>";
		};
		D3D0F57125321C2700770F47 /* TestTextViewUITests */ = {
			isa = PBXGroup;
			children = (
				D3D0F57225321C2700770F47 /* TestTextViewUITests.swift */,
				D3D0F57425321C2700770F47 /* Info.plist */,
			);
			path = TestTextViewUITests;
			sourceTree = "<group>";
		};
/* End PBXGroup section */

/* Begin PBXNativeTarget section */
		D3D0F54C25321C2000770F47 /* TestTextView */ = {
			isa = PBXNativeTarget;
			buildConfigurationList = D3D0F57725321C2700770F47 /* Build configuration list for PBXNativeTarget "TestTextView" */;
			buildPhases = (
				D3D0F54925321C2000770F47 /* Sources */,
				D3D0F54A25321C2000770F47 /* Frameworks */,
				D3D0F54B25321C2000770F47 /* Resources */,
			);
			buildRules = (
			);
			dependencies = (
			);
			name = TestTextView;
			productName = TestTextView;
			productReference = D3D0F54D25321C2000770F47 /* TestTextView.app */;
			productType = "com.apple.product-type.application";
		};
		D3D0F56225321C2700770F47 /* TestTextViewTests */ = {
			isa = PBXNativeTarget;
			buildConfigurationList = D3D0F57A25321C2700770F47 /* Build configuration list for PBXNativeTarget "TestTextViewTests" */;
			buildPhases = (
				D3D0F55F25321C2700770F47 /* Sources */,
				D3D0F56025321C2700770F47 /* Frameworks */,
				D3D0F56125321C2700770F47 /* Resources */,
			);
			buildRules = (
			);
			dependencies = (
				D3D0F56525321C2700770F47 /* PBXTargetDependency */,
			);
			name = TestTextViewTests;
			productName = TestTextViewTests;
			productReference = D3D0F56325321C2700770F47 /* TestTextViewTests.xctest */;
			productType = "com.apple.product-type.bundle.unit-test";
		};
		D3D0F56D25321C2700770F47 /* TestTextViewUITests */ = {
			isa = PBXNativeTarget;
			buildConfigurationList = D3D0F57D25321C2700770F47 /* Build configuration list for PBXNativeTarget "TestTextViewUITests" */;
			buildPhases = (
				D3D0F56A25321C2700770F47 /* Sources */,
				D3D0F56B25321C2700770F47 /* Frameworks */,
				D3D0F56C25321C2700770F47 /* Resources */,
			);
			buildRules = (
			);
			dependencies = (
				D3D0F57025321C2700770F47 /* PBXTargetDependency */,
			);
			name = TestTextViewUITests;
			productName = TestTextViewUITests;
			productReference = D3D0F56E25321C2700770F47 /* TestTextViewUITests.xctest */;
			productType = "com.apple.product-type.bundle.ui-testing";
		};
/* End PBXNativeTarget section */

/* Begin PBXProject section */
		D3D0F54525321C1F00770F47 /* Project object */ = {
			isa = PBXProject;
			attributes = {
				LastSwiftUpdateCheck = 1200;
				LastUpgradeCheck = 1200;
				TargetAttributes = {
					D3D0F54C25321C2000770F47 = {
						CreatedOnToolsVersion = 12.0.1;
					};
					D3D0F56225321C2700770F47 = {
						CreatedOnToolsVersion = 12.0.1;
						TestTargetID = D3D0F54C25321C2000770F47;
					};
					D3D0F56D25321C2700770F47 = {
						CreatedOnToolsVersion = 12.0.1;
						TestTargetID = D3D0F54C25321C2000770F47;
					};
				};
			};
			buildConfigurationList = D3D0F54825321C1F00770F47 /* Build configuration list for PBXProject "TestTextView" */;
			compatibilityVersion = "Xcode 9.3";
			developmentRegion = en;
			hasScannedForEncodings = 0;
			knownRegions = (
				en,
				Base,
			);
			mainGroup = D3D0F54425321C1F00770F47;
			productRefGroup = D3D0F54E25321C2000770F47 /* Products */;
			projectDirPath = "";
			projectRoot = "";
			targets = (
				D3D0F54C25321C2000770F47 /* TestTextView */,
				D3D0F56225321C2700770F47 /* TestTextViewTests */,
				D3D0F56D25321C2700770F47 /* TestTextViewUITests */,
			);
		};
/* End PBXProject section */

/* Begin PBXResourcesBuildPhase section */
		D3D0F54B25321C2000770F47 /* Resources */ = {
			isa = PBXResourcesBuildPhase;
			buildActionMask = 2147483647;
			files = (
				D3D0F55D25321C2600770F47 /* LaunchScreen.storyboard in Resources */,
				D3D0F55A25321C2600770F47 /* Assets.xcassets in Resources */,
				D3D0F55825321C2000770F47 /* Main.storyboard in Resources */,
			);
			runOnlyForDeploymentPostprocessing = 0;
		};
		D3D0F56125321C2700770F47 /* Resources */ = {
			isa = PBXResourcesBuildPhase;
			buildActionMask = 2147483647;
			files = (
			);
			runOnlyForDeploymentPostprocessing = 0;
		};
		D3D0F56C25321C2700770F47 /* Resources */ = {
			isa = PBXResourcesBuildPhase;
			buildActionMask = 2147483647;
			files = (
			);
			runOnlyForDeploymentPostprocessing = 0;
		};
/* End PBXResourcesBuildPhase section */

/* Begin PBXSourcesBuildPhase section */
		D3D0F54925321C2000770F47 /* Sources */ = {
			isa = PBXSourcesBuildPhase;
			buildActionMask = 2147483647;
			files = (
				D3D0F55525321C2000770F47 /* ViewController.swift in Sources */,
				D3D0F55125321C2000770F47 /* AppDelegate.swift in Sources */,
				D3D0F55325321C2000770F47 /* SceneDelegate.swift in Sources */,
				D3D0F5842532230C00770F47 /* PlaceHolderTextView.swift in Sources */,
			);
			runOnlyForDeploymentPostprocessing = 0;
		};
		D3D0F55F25321C2700770F47 /* Sources */ = {
			isa = PBXSourcesBuildPhase;
			buildActionMask = 2147483647;
			files = (
				D3D0F56825321C2700770F47 /* TestTextViewTests.swift in Sources */,
			);
			runOnlyForDeploymentPostprocessing = 0;
		};
		D3D0F56A25321C2700770F47 /* Sources */ = {
			isa = PBXSourcesBuildPhase;
			buildActionMask = 2147483647;
			files = (
				D3D0F57325321C2700770F47 /* TestTextViewUITests.swift in Sources */,
			);
			runOnlyForDeploymentPostprocessing = 0;
		};
/* End PBXSourcesBuildPhase section */

/* Begin PBXTargetDependency section */
		D3D0F56525321C2700770F47 /* PBXTargetDependency */ = {
			isa = PBXTargetDependency;
			target = D3D0F54C25321C2000770F47 /* TestTextView */;
			targetProxy = D3D0F56425321C2700770F47 /* PBXContainerItemProxy */;
		};
		D3D0F57025321C2700770F47 /* PBXTargetDependency */ = {
			isa = PBXTargetDependency;
			target = D3D0F54C25321C2000770F47 /* TestTextView */;
			targetProxy = D3D0F56F25321C2700770F47 /* PBXContainerItemProxy */;
		};
/* End PBXTargetDependency section */

/* Begin PBXVariantGroup section */
		D3D0F55625321C2000770F47 /* Main.storyboard */ = {
			isa = PBXVariantGroup;
			children = (
				D3D0F55725321C2000770F47 /* Base */,
			);
			name = Main.storyboard;
			sourceTree = "<group>";
		};
		D3D0F55B25321C2600770F47 /* LaunchScreen.storyboard */ = {
			isa = PBXVariantGroup;
			children = (
				D3D0F55C25321C2600770F47 /* Base */,
			);
			name = LaunchScreen.storyboard;
			sourceTree = "<group>";
		};
/* End PBXVariantGroup section */

/* Begin XCBuildConfiguration section */
		D3D0F57525321C2700770F47 /* Debug */ = {
			isa = XCBuildConfiguration;
			buildSettings = {
				ALWAYS_SEARCH_USER_PATHS = NO;
				CLANG_ANALYZER_NONNULL = YES;
				CLANG_ANALYZER_NUMBER_OBJECT_CONVERSION = YES_AGGRESSIVE;
				CLANG_CXX_LANGUAGE_STANDARD = "gnu++14";
				CLANG_CXX_LIBRARY = "libc++";
				CLANG_ENABLE_MODULES = YES;
				CLANG_ENABLE_OBJC_ARC = YES;
				CLANG_ENABLE_OBJC_WEAK = YES;
				CLANG_WARN_BLOCK_CAPTURE_AUTORELEASING = YES;
				CLANG_WARN_BOOL_CONVERSION = YES;
				CLANG_WARN_COMMA = YES;
				CLANG_WARN_CONSTANT_CONVERSION = YES;
				CLANG_WARN_DEPRECATED_OBJC_IMPLEMENTATIONS = YES;
				CLANG_WARN_DIRECT_OBJC_ISA_USAGE = YES_ERROR;
				CLANG_WARN_DOCUMENTATION_COMMENTS = YES;
				CLANG_WARN_EMPTY_BODY = YES;
				CLANG_WARN_ENUM_CONVERSION = YES;
				CLANG_WARN_INFINITE_RECURSION = YES;
				CLANG_WARN_INT_CONVERSION = YES;
				CLANG_WARN_NON_LITERAL_NULL_CONVERSION = YES;
				CLANG_WARN_OBJC_IMPLICIT_RETAIN_SELF = YES;
				CLANG_WARN_OBJC_LITERAL_CONVERSION = YES;
				CLANG_WARN_OBJC_ROOT_CLASS = YES_ERROR;
				CLANG_WARN_QUOTED_INCLUDE_IN_FRAMEWORK_HEADER = YES;
				CLANG_WARN_RANGE_LOOP_ANALYSIS = YES;
				CLANG_WARN_STRICT_PROTOTYPES = YES;
				CLANG_WARN_SUSPICIOUS_MOVE = YES;
				CLANG_WARN_UNGUARDED_AVAILABILITY = YES_AGGRESSIVE;
				CLANG_WARN_UNREACHABLE_CODE = YES;
				CLANG_WARN__DUPLICATE_METHOD_MATCH = YES;
				COPY_PHASE_STRIP = NO;
				DEBUG_INFORMATION_FORMAT = dwarf;
				ENABLE_STRICT_OBJC_MSGSEND = YES;
				ENABLE_TESTABILITY = YES;
				GCC_C_LANGUAGE_STANDARD = gnu11;
				GCC_DYNAMIC_NO_PIC = NO;
				GCC_NO_COMMON_BLOCKS = YES;
				GCC_OPTIMIZATION_LEVEL = 0;
				GCC_PREPROCESSOR_DEFINITIONS = (
					"DEBUG=1",
					"$(inherited)",
				);
				GCC_WARN_64_TO_32_BIT_CONVERSION = YES;
				GCC_WARN_ABOUT_RETURN_TYPE = YES_ERROR;
				GCC_WARN_UNDECLARED_SELECTOR = YES;
				GCC_WARN_UNINITIALIZED_AUTOS = YES_AGGRESSIVE;
				GCC_WARN_UNUSED_FUNCTION = YES;
				GCC_WARN_UNUSED_VARIABLE = YES;
				IPHONEOS_DEPLOYMENT_TARGET = 14.0;
				MTL_ENABLE_DEBUG_INFO = INCLUDE_SOURCE;
				MTL_FAST_MATH = YES;
				ONLY_ACTIVE_ARCH = YES;
				SDKROOT = iphoneos;
				SWIFT_ACTIVE_COMPILATION_CONDITIONS = DEBUG;
				SWIFT_OPTIMIZATION_LEVEL = "-Onone";
			};
			name = Debug;
		};
		D3D0F57625321C2700770F47 /* Release */ = {
			isa = XCBuildConfiguration;
			buildSettings = {
				ALWAYS_SEARCH_USER_PATHS = NO;
				CLANG_ANALYZER_NONNULL = YES;
				CLANG_ANALYZER_NUMBER_OBJECT_CONVERSION = YES_AGGRESSIVE;
				CLANG_CXX_LANGUAGE_STANDARD = "gnu++14";
				CLANG_CXX_LIBRARY = "libc++";
				CLANG_ENABLE_MODULES = YES;
				CLANG_ENABLE_OBJC_ARC = YES;
				CLANG_ENABLE_OBJC_WEAK = YES;
				CLANG_WARN_BLOCK_CAPTURE_AUTORELEASING = YES;
				CLANG_WARN_BOOL_CONVERSION = YES;
				CLANG_WARN_COMMA = YES;
				CLANG_WARN_CONSTANT_CONVERSION = YES;
				CLANG_WARN_DEPRECATED_OBJC_IMPLEMENTATIONS = YES;
				CLANG_WARN_DIRECT_OBJC_ISA_USAGE = YES_ERROR;
				CLANG_WARN_DOCUMENTATION_COMMENTS = YES;
				CLANG_WARN_EMPTY_BODY = YES;
				CLANG_WARN_ENUM_CONVERSION = YES;
				CLANG_WARN_INFINITE_RECURSION = YES;
				CLANG_WARN_INT_CONVERSION = YES;
				CLANG_WARN_NON_LITERAL_NULL_CONVERSION = YES;
				CLANG_WARN_OBJC_IMPLICIT_RETAIN_SELF = YES;
				CLANG_WARN_OBJC_LITERAL_CONVERSION = YES;
				CLANG_WARN_OBJC_ROOT_CLASS = YES_ERROR;
				CLANG_WARN_QUOTED_INCLUDE_IN_FRAMEWORK_HEADER = YES;
				CLANG_WARN_RANGE_LOOP_ANALYSIS = YES;
				CLANG_WARN_STRICT_PROTOTYPES = YES;
				CLANG_WARN_SUSPICIOUS_MOVE = YES;
				CLANG_WARN_UNGUARDED_AVAILABILITY = YES_AGGRESSIVE;
				CLANG_WARN_UNREACHABLE_CODE = YES;
				CLANG_WARN__DUPLICATE_METHOD_MATCH = YES;
				COPY_PHASE_STRIP = NO;
				DEBUG_INFORMATION_FORMAT = "dwarf-with-dsym";
				ENABLE_NS_ASSERTIONS = NO;
				ENABLE_STRICT_OBJC_MSGSEND = YES;
				GCC_C_LANGUAGE_STANDARD = gnu11;
				GCC_NO_COMMON_BLOCKS = YES;
				GCC_WARN_64_TO_32_BIT_CONVERSION = YES;
				GCC_WARN_ABOUT_RETURN_TYPE = YES_ERROR;
				GCC_WARN_UNDECLARED_SELECTOR = YES;
				GCC_WARN_UNINITIALIZED_AUTOS = YES_AGGRESSIVE;
				GCC_WARN_UNUSED_FUNCTION = YES;
				GCC_WARN_UNUSED_VARIABLE = YES;
				IPHONEOS_DEPLOYMENT_TARGET = 14.0;
				MTL_ENABLE_DEBUG_INFO = NO;
				MTL_FAST_MATH = YES;
				SDKROOT = iphoneos;
				SWIFT_COMPILATION_MODE = wholemodule;
				SWIFT_OPTIMIZATION_LEVEL = "-O";
				VALIDATE_PRODUCT = YES;
			};
			name = Release;
		};
		D3D0F57825321C2700770F47 /* Debug */ = {
			isa = XCBuildConfiguration;
			buildSettings = {
				ASSETCATALOG_COMPILER_APPICON_NAME = AppIcon;
				ASSETCATALOG_COMPILER_GLOBAL_ACCENT_COLOR_NAME = AccentColor;
				CODE_SIGN_STYLE = Automatic;
				INFOPLIST_FILE = TestTextView/Info.plist;
				LD_RUNPATH_SEARCH_PATHS = (
					"$(inherited)",
					"@executable_path/Frameworks",
				);
				PRODUCT_BUNDLE_IDENTIFIER = com.hikawaproj.TestTextView;
				PRODUCT_NAME = "$(TARGET_NAME)";
				SWIFT_VERSION = 5.0;
				TARGETED_DEVICE_FAMILY = "1,2";
			};
			name = Debug;
		};
		D3D0F57925321C2700770F47 /* Release */ = {
			isa = XCBuildConfiguration;
			buildSettings = {
				ASSETCATALOG_COMPILER_APPICON_NAME = AppIcon;
				ASSETCATALOG_COMPILER_GLOBAL_ACCENT_COLOR_NAME = AccentColor;
				CODE_SIGN_STYLE = Automatic;
				INFOPLIST_FILE = TestTextView/Info.plist;
				LD_RUNPATH_SEARCH_PATHS = (
					"$(inherited)",
					"@executable_path/Frameworks",
				);
				PRODUCT_BUNDLE_IDENTIFIER = com.hikawaproj.TestTextView;
				PRODUCT_NAME = "$(TARGET_NAME)";
				SWIFT_VERSION = 5.0;
				TARGETED_DEVICE_FAMILY = "1,2";
			};
			name = Release;
		};
		D3D0F57B25321C2700770F47 /* Debug */ = {
			isa = XCBuildConfiguration;
			buildSettings = {
				ALWAYS_EMBED_SWIFT_STANDARD_LIBRARIES = YES;
				BUNDLE_LOADER = "$(TEST_HOST)";
				CODE_SIGN_STYLE = Automatic;
				INFOPLIST_FILE = TestTextViewTests/Info.plist;
				IPHONEOS_DEPLOYMENT_TARGET = 14.0;
				LD_RUNPATH_SEARCH_PATHS = (
					"$(inherited)",
					"@executable_path/Frameworks",
					"@loader_path/Frameworks",
				);
				PRODUCT_BUNDLE_IDENTIFIER = com.hikawaproj.TestTextViewTests;
				PRODUCT_NAME = "$(TARGET_NAME)";
				SWIFT_VERSION = 5.0;
				TARGETED_DEVICE_FAMILY = "1,2";
				TEST_HOST = "$(BUILT_PRODUCTS_DIR)/TestTextView.app/TestTextView";
			};
			name = Debug;
		};
		D3D0F57C25321C2700770F47 /* Release */ = {
			isa = XCBuildConfiguration;
			buildSettings = {
				ALWAYS_EMBED_SWIFT_STANDARD_LIBRARIES = YES;
				BUNDLE_LOADER = "$(TEST_HOST)";
				CODE_SIGN_STYLE = Automatic;
				INFOPLIST_FILE = TestTextViewTests/Info.plist;
				IPHONEOS_DEPLOYMENT_TARGET = 14.0;
				LD_RUNPATH_SEARCH_PATHS = (
					"$(inherited)",
					"@executable_path/Frameworks",
					"@loader_path/Frameworks",
				);
				PRODUCT_BUNDLE_IDENTIFIER = com.hikawaproj.TestTextViewTests;
				PRODUCT_NAME = "$(TARGET_NAME)";
				SWIFT_VERSION = 5.0;
				TARGETED_DEVICE_FAMILY = "1,2";
				TEST_HOST = "$(BUILT_PRODUCTS_DIR)/TestTextView.app/TestTextView";
			};
			name = Release;
		};
		D3D0F57E25321C2700770F47 /* Debug */ = {
			isa = XCBuildConfiguration;
			buildSettings = {
				ALWAYS_EMBED_SWIFT_STANDARD_LIBRARIES = YES;
				CODE_SIGN_STYLE = Automatic;
				INFOPLIST_FILE = TestTextViewUITests/Info.plist;
				LD_RUNPATH_SEARCH_PATHS = (
					"$(inherited)",
					"@executable_path/Frameworks",
					"@loader_path/Frameworks",
				);
				PRODUCT_BUNDLE_IDENTIFIER = com.hikawaproj.TestTextViewUITests;
				PRODUCT_NAME = "$(TARGET_NAME)";
				SWIFT_VERSION = 5.0;
				TARGETED_DEVICE_FAMILY = "1,2";
				TEST_TARGET_NAME = TestTextView;
			};
			name = Debug;
		};
		D3D0F57F25321C2700770F47 /* Release */ = {
			isa = XCBuildConfiguration;
			buildSettings = {
				ALWAYS_EMBED_SWIFT_STANDARD_LIBRARIES = YES;
				CODE_SIGN_STYLE = Automatic;
				INFOPLIST_FILE = TestTextViewUITests/Info.plist;
				LD_RUNPATH_SEARCH_PATHS = (
					"$(inherited)",
					"@executable_path/Frameworks",
					"@loader_path/Frameworks",
				);
				PRODUCT_BUNDLE_IDENTIFIER = com.hikawaproj.TestTextViewUITests;
				PRODUCT_NAME = "$(TARGET_NAME)";
				SWIFT_VERSION = 5.0;
				TARGETED_DEVICE_FAMILY = "1,2";
				TEST_TARGET_NAME = TestTextView;
			};
			name = Release;
		};
/* End XCBuildConfiguration section */

/* Begin XCConfigurationList section */
		D3D0F54825321C1F00770F47 /* Build configuration list for PBXProject "TestTextView" */ = {
			isa = XCConfigurationList;
			buildConfigurations = (
				D3D0F57525321C2700770F47 /* Debug */,
				D3D0F57625321C2700770F47 /* Release */,
			);
			defaultConfigurationIsVisible = 0;
			defaultConfigurationName = Release;
		};
		D3D0F57725321C2700770F47 /* Build configuration list for PBXNativeTarget "TestTextView" */ = {
			isa = XCConfigurationList;
			buildConfigurations = (
				D3D0F57825321C2700770F47 /* Debug */,
				D3D0F57925321C2700770F47 /* Release */,
			);
			defaultConfigurationIsVisible = 0;
			defaultConfigurationName = Release;
		};
		D3D0F57A25321C2700770F47 /* Build configuration list for PBXNativeTarget "TestTextViewTests" */ = {
			isa = XCConfigurationList;
			buildConfigurations = (
				D3D0F57B25321C2700770F47 /* Debug */,
				D3D0F57C25321C2700770F47 /* Release */,
			);
			defaultConfigurationIsVisible = 0;
			defaultConfigurationName = Release;
		};
		D3D0F57D25321C2700770F47 /* Build configuration list for PBXNativeTarget "TestTextViewUITests" */ = {
			isa = XCConfigurationList;
			buildConfigurations = (
				D3D0F57E25321C2700770F47 /* Debug */,
				D3D0F57F25321C2700770F47 /* Release */,
			);
			defaultConfigurationIsVisible = 0;
			defaultConfigurationName = Release;
		};
/* End XCConfigurationList section */
	};
	rootObject = D3D0F54525321C1F00770F47 /* Project object */;
}
